
Microsoft Visual Studio Solution File, Format Version 12.00
# Visual Studio Version 16
VisualStudioVersion = 16.0.31229.75
MinimumVisualStudioVersion = 10.0.40219.1
Project("{8BC9CEB8-8B4A-11D0-8D11-00A0C91BC942}") = "education", "education\education.vcxproj", "{218849A8-24FC-4EDD-BDEE-335A290220D6}"
EndProject
Project("{8BC9CEB8-8B4A-11D0-8D11-00A0C91BC942}") = "prime", "prime\prime.vcxproj", "{C6738F50-1B95-4363-9D42-F036B0C7E678}"
EndProject
Project("{8BC9CEB8-8B4A-11D0-8D11-00A0C91BC942}") = "factorization_integer", "factorization_integer\factorization_integer.vcxproj", "{EEAB6DC2-E9ED-4691-AB60-CA15ACD4E015}"
EndProject
Project("{8BC9CEB8-8B4A-11D0-8D11-00A0C91BC942}") = "gcd", "gcd\gcd.vcxproj", "{B7275EF3-C51F-4E24-869B-C4D8BAE39586}"
EndProject
Project("{8BC9CEB8-8B4A-11D0-8D11-00A0C91BC942}") = "recursion", "recursion\recursion.vcxproj", "{6F97C917-BC38-4E12-85AF-4B45A5233670}"
EndProject
Project("{8BC9CEB8-8B4A-11D0-8D11-00A0C91BC942}") = "reea", "reea\reea.vcxproj", "{71E8ADFC-C947-41EE-B81C-CEA20C8C0AE3}"
EndProject
Project("{8BC9CEB8-8B4A-11D0-8D11-00A0C91BC942}") = "sum_array", "sum_array\sum_array.vcxproj", "{F001DDFA-0D52-465A-9521-E93DBBD8662F}"
EndProject
Project("{8BC9CEB8-8B4A-11D0-8D11-00A0C91BC942}") = "eratosthenes_sieve", "eratosthenes_sieve\eratosthenes_sieve.vcxproj", "{7E0C4DF9-F732-42F0-B3D4-729279CDE9FA}"
EndProject
Project("{8BC9CEB8-8B4A-11D0-8D11-00A0C91BC942}") = "squares", "squares\squares.vcxproj", "{4FC15FB0-9829-4E68-BEC4-6C2F5AA5B2AE}"
EndProject
Project("{8BC9CEB8-8B4A-11D0-8D11-00A0C91BC942}") = "sum", "sum\sum.vcxproj", "{5A5FC381-E838-433A-A522-32EDD47DA890}"
EndProject
Project("{8BC9CEB8-8B4A-11D0-8D11-00A0C91BC942}") = "gorner", "gorner\gorner.vcxproj", "{1DF4B4AB-98C4-431D-9325-CD48906E08C3}"
EndProject
Project("{8BC9CEB8-8B4A-11D0-8D11-00A0C91BC942}") = "avg", "avg\avg.vcxproj", "{7C218728-29F3-442B-8CD1-BE0B4E670E30}"
EndProject
Project("{8BC9CEB8-8B4A-11D0-8D11-00A0C91BC942}") = "square_root", "square_root\square_root.vcxproj", "{CD6E0ABE-2AC6-4976-B77B-63D528040C91}"
EndProject
Project("{8BC9CEB8-8B4A-11D0-8D11-00A0C91BC942}") = "qen", "qen\qen.vcxproj", "{C6678A58-3E9D-4339-9F4B-7191422CBFFE}"
EndProject
Project("{8BC9CEB8-8B4A-11D0-8D11-00A0C91BC942}") = "extended_gcd", "extended_gcd\extended_gcd.vcxproj", "{8A2A3E19-BB43-4C01-A262-D90FC4BFDF41}"
EndProject
Project("{8BC9CEB8-8B4A-11D0-8D11-00A0C91BC942}") = "acl", "acl\acl.vcxproj", "{87D3DF0E-B0A4-4320-B8DA-5631B8DDCEFF}"
EndProject
Project("{8BC9CEB8-8B4A-11D0-8D11-00A0C91BC942}") = "serial_search", "serial_search\serial_search.vcxproj", "{543E1BCD-46BF-4605-A469-FCBB6172F3CC}"
EndProject
Project("{8BC9CEB8-8B4A-11D0-8D11-00A0C91BC942}") = "binary_search", "binary_search\binary_search.vcxproj", "{EF7A6A2F-508D-4890-A761-DD11A52F20AF}"
EndProject
Project("{8BC9CEB8-8B4A-11D0-8D11-00A0C91BC942}") = "bubble_sort", "buble_sort\buble_sort.vcxproj", "{6CFB69CC-46A1-4022-BAFD-C79A7850095E}"
EndProject
Project("{8BC9CEB8-8B4A-11D0-8D11-00A0C91BC942}") = "direct_selection_sort", "direct_selection_sort\direct_selection_sort.vcxproj", "{8E5767BB-ACAD-4108-BA40-8836D588BEAC}"
EndProject
Project("{8BC9CEB8-8B4A-11D0-8D11-00A0C91BC942}") = "quick_sort", "quick_sort\quick_sort.vcxproj", "{BA406875-60D9-4638-8860-E0065A5B6432}"
EndProject
Project("{8BC9CEB8-8B4A-11D0-8D11-00A0C91BC942}") = "heap_sort", "heap_sort\heap_sort.vcxproj", "{D29DDE8C-170A-4159-97FB-9CC322A40665}"
EndProject
Project("{8BC9CEB8-8B4A-11D0-8D11-00A0C91BC942}") = "radix_sort", "radix_sort\radix_sort.vcxproj", "{49EBF5DF-6CF4-4318-90E2-E60A1DAE6CF1}"
EndProject
Project("{8BC9CEB8-8B4A-11D0-8D11-00A0C91BC942}") = "merge_sort", "merge_sort\merge_sort.vcxproj", "{EAB618AC-C20F-4328-AD66-EB223C87ED41}"
EndProject
Project("{8BC9CEB8-8B4A-11D0-8D11-00A0C91BC942}") = "shell_sort", "shell_sort\shell_sort.vcxproj", "{BED30C73-6DCB-4F31-9800-DFE2B1F4E2AB}"
EndProject
Project("{8BC9CEB8-8B4A-11D0-8D11-00A0C91BC942}") = "cyclically_shift_array", "cyclically_shift_array\cyclically_shift_array.vcxproj", "{53F4EB65-CFBE-42A1-88C3-FACB2B586C08}"
EndProject
Project("{8BC9CEB8-8B4A-11D0-8D11-00A0C91BC942}") = "deleting_duplicates", "deleting_duplicates\deleting_duplicates.vcxproj", "{25461B11-84D9-43FA-9E35-0CAFA3D509A1}"
EndProject
Project("{8BC9CEB8-8B4A-11D0-8D11-00A0C91BC942}") = "binomial_coefficients", "binomial_coefficients\binomial_coefficients.vcxproj", "{1FEC7C95-EF16-4ED9-857B-EF295E99E746}"
EndProject
Global
	GlobalSection(SolutionConfigurationPlatforms) = preSolution
		Debug|x64 = Debug|x64
		Debug|x86 = Debug|x86
		Release|x64 = Release|x64
		Release|x86 = Release|x86
	EndGlobalSection
	GlobalSection(ProjectConfigurationPlatforms) = postSolution
		{218849A8-24FC-4EDD-BDEE-335A290220D6}.Debug|x64.ActiveCfg = Debug|x64
		{218849A8-24FC-4EDD-BDEE-335A290220D6}.Debug|x64.Build.0 = Debug|x64
		{218849A8-24FC-4EDD-BDEE-335A290220D6}.Debug|x86.ActiveCfg = Debug|Win32
		{218849A8-24FC-4EDD-BDEE-335A290220D6}.Debug|x86.Build.0 = Debug|Win32
		{218849A8-24FC-4EDD-BDEE-335A290220D6}.Release|x64.ActiveCfg = Release|x64
		{218849A8-24FC-4EDD-BDEE-335A290220D6}.Release|x64.Build.0 = Release|x64
		{218849A8-24FC-4EDD-BDEE-335A290220D6}.Release|x86.ActiveCfg = Release|Win32
		{218849A8-24FC-4EDD-BDEE-335A290220D6}.Release|x86.Build.0 = Release|Win32
		{C6738F50-1B95-4363-9D42-F036B0C7E678}.Debug|x64.ActiveCfg = Debug|x64
		{C6738F50-1B95-4363-9D42-F036B0C7E678}.Debug|x64.Build.0 = Debug|x64
		{C6738F50-1B95-4363-9D42-F036B0C7E678}.Debug|x86.ActiveCfg = Debug|Win32
		{C6738F50-1B95-4363-9D42-F036B0C7E678}.Debug|x86.Build.0 = Debug|Win32
		{C6738F50-1B95-4363-9D42-F036B0C7E678}.Release|x64.ActiveCfg = Release|x64
		{C6738F50-1B95-4363-9D42-F036B0C7E678}.Release|x64.Build.0 = Release|x64
		{C6738F50-1B95-4363-9D42-F036B0C7E678}.Release|x86.ActiveCfg = Release|Win32
		{C6738F50-1B95-4363-9D42-F036B0C7E678}.Release|x86.Build.0 = Release|Win32
		{EEAB6DC2-E9ED-4691-AB60-CA15ACD4E015}.Debug|x64.ActiveCfg = Debug|x64
		{EEAB6DC2-E9ED-4691-AB60-CA15ACD4E015}.Debug|x64.Build.0 = Debug|x64
		{EEAB6DC2-E9ED-4691-AB60-CA15ACD4E015}.Debug|x86.ActiveCfg = Debug|Win32
		{EEAB6DC2-E9ED-4691-AB60-CA15ACD4E015}.Debug|x86.Build.0 = Debug|Win32
		{EEAB6DC2-E9ED-4691-AB60-CA15ACD4E015}.Release|x64.ActiveCfg = Release|x64
		{EEAB6DC2-E9ED-4691-AB60-CA15ACD4E015}.Release|x64.Build.0 = Release|x64
		{EEAB6DC2-E9ED-4691-AB60-CA15ACD4E015}.Release|x86.ActiveCfg = Release|Win32
		{EEAB6DC2-E9ED-4691-AB60-CA15ACD4E015}.Release|x86.Build.0 = Release|Win32
		{B7275EF3-C51F-4E24-869B-C4D8BAE39586}.Debug|x64.ActiveCfg = Debug|x64
		{B7275EF3-C51F-4E24-869B-C4D8BAE39586}.Debug|x64.Build.0 = Debug|x64
		{B7275EF3-C51F-4E24-869B-C4D8BAE39586}.Debug|x86.ActiveCfg = Debug|Win32
		{B7275EF3-C51F-4E24-869B-C4D8BAE39586}.Debug|x86.Build.0 = Debug|Win32
		{B7275EF3-C51F-4E24-869B-C4D8BAE39586}.Release|x64.ActiveCfg = Release|x64
		{B7275EF3-C51F-4E24-869B-C4D8BAE39586}.Release|x64.Build.0 = Release|x64
		{B7275EF3-C51F-4E24-869B-C4D8BAE39586}.Release|x86.ActiveCfg = Release|Win32
		{B7275EF3-C51F-4E24-869B-C4D8BAE39586}.Release|x86.Build.0 = Release|Win32
		{6F97C917-BC38-4E12-85AF-4B45A5233670}.Debug|x64.ActiveCfg = Debug|x64
		{6F97C917-BC38-4E12-85AF-4B45A5233670}.Debug|x64.Build.0 = Debug|x64
		{6F97C917-BC38-4E12-85AF-4B45A5233670}.Debug|x86.ActiveCfg = Debug|Win32
		{6F97C917-BC38-4E12-85AF-4B45A5233670}.Debug|x86.Build.0 = Debug|Win32
		{6F97C917-BC38-4E12-85AF-4B45A5233670}.Release|x64.ActiveCfg = Release|x64
		{6F97C917-BC38-4E12-85AF-4B45A5233670}.Release|x64.Build.0 = Release|x64
		{6F97C917-BC38-4E12-85AF-4B45A5233670}.Release|x86.ActiveCfg = Release|Win32
		{6F97C917-BC38-4E12-85AF-4B45A5233670}.Release|x86.Build.0 = Release|Win32
		{71E8ADFC-C947-41EE-B81C-CEA20C8C0AE3}.Debug|x64.ActiveCfg = Debug|x64
		{71E8ADFC-C947-41EE-B81C-CEA20C8C0AE3}.Debug|x64.Build.0 = Debug|x64
		{71E8ADFC-C947-41EE-B81C-CEA20C8C0AE3}.Debug|x86.ActiveCfg = Debug|Win32
		{71E8ADFC-C947-41EE-B81C-CEA20C8C0AE3}.Debug|x86.Build.0 = Debug|Win32
		{71E8ADFC-C947-41EE-B81C-CEA20C8C0AE3}.Release|x64.ActiveCfg = Release|x64
		{71E8ADFC-C947-41EE-B81C-CEA20C8C0AE3}.Release|x64.Build.0 = Release|x64
		{71E8ADFC-C947-41EE-B81C-CEA20C8C0AE3}.Release|x86.ActiveCfg = Release|Win32
		{71E8ADFC-C947-41EE-B81C-CEA20C8C0AE3}.Release|x86.Build.0 = Release|Win32
		{F001DDFA-0D52-465A-9521-E93DBBD8662F}.Debug|x64.ActiveCfg = Debug|x64
		{F001DDFA-0D52-465A-9521-E93DBBD8662F}.Debug|x64.Build.0 = Debug|x64
		{F001DDFA-0D52-465A-9521-E93DBBD8662F}.Debug|x86.ActiveCfg = Debug|Win32
		{F001DDFA-0D52-465A-9521-E93DBBD8662F}.Debug|x86.Build.0 = Debug|Win32
		{F001DDFA-0D52-465A-9521-E93DBBD8662F}.Release|x64.ActiveCfg = Release|x64
		{F001DDFA-0D52-465A-9521-E93DBBD8662F}.Release|x64.Build.0 = Release|x64
		{F001DDFA-0D52-465A-9521-E93DBBD8662F}.Release|x86.ActiveCfg = Release|Win32
		{F001DDFA-0D52-465A-9521-E93DBBD8662F}.Release|x86.Build.0 = Release|Win32
		{7E0C4DF9-F732-42F0-B3D4-729279CDE9FA}.Debug|x64.ActiveCfg = Debug|x64
		{7E0C4DF9-F732-42F0-B3D4-729279CDE9FA}.Debug|x64.Build.0 = Debug|x64
		{7E0C4DF9-F732-42F0-B3D4-729279CDE9FA}.Debug|x86.ActiveCfg = Debug|Win32
		{7E0C4DF9-F732-42F0-B3D4-729279CDE9FA}.Debug|x86.Build.0 = Debug|Win32
		{7E0C4DF9-F732-42F0-B3D4-729279CDE9FA}.Release|x64.ActiveCfg = Release|x64
		{7E0C4DF9-F732-42F0-B3D4-729279CDE9FA}.Release|x64.Build.0 = Release|x64
		{7E0C4DF9-F732-42F0-B3D4-729279CDE9FA}.Release|x86.ActiveCfg = Release|Win32
		{7E0C4DF9-F732-42F0-B3D4-729279CDE9FA}.Release|x86.Build.0 = Release|Win32
		{4FC15FB0-9829-4E68-BEC4-6C2F5AA5B2AE}.Debug|x64.ActiveCfg = Debug|x64
		{4FC15FB0-9829-4E68-BEC4-6C2F5AA5B2AE}.Debug|x64.Build.0 = Debug|x64
		{4FC15FB0-9829-4E68-BEC4-6C2F5AA5B2AE}.Debug|x86.ActiveCfg = Debug|Win32
		{4FC15FB0-9829-4E68-BEC4-6C2F5AA5B2AE}.Debug|x86.Build.0 = Debug|Win32
		{4FC15FB0-9829-4E68-BEC4-6C2F5AA5B2AE}.Release|x64.ActiveCfg = Release|x64
		{4FC15FB0-9829-4E68-BEC4-6C2F5AA5B2AE}.Release|x64.Build.0 = Release|x64
		{4FC15FB0-9829-4E68-BEC4-6C2F5AA5B2AE}.Release|x86.ActiveCfg = Release|Win32
		{4FC15FB0-9829-4E68-BEC4-6C2F5AA5B2AE}.Release|x86.Build.0 = Release|Win32
		{5A5FC381-E838-433A-A522-32EDD47DA890}.Debug|x64.ActiveCfg = Debug|x64
		{5A5FC381-E838-433A-A522-32EDD47DA890}.Debug|x64.Build.0 = Debug|x64
		{5A5FC381-E838-433A-A522-32EDD47DA890}.Debug|x86.ActiveCfg = Debug|Win32
		{5A5FC381-E838-433A-A522-32EDD47DA890}.Debug|x86.Build.0 = Debug|Win32
		{5A5FC381-E838-433A-A522-32EDD47DA890}.Release|x64.ActiveCfg = Release|x64
		{5A5FC381-E838-433A-A522-32EDD47DA890}.Release|x64.Build.0 = Release|x64
		{5A5FC381-E838-433A-A522-32EDD47DA890}.Release|x86.ActiveCfg = Release|Win32
		{5A5FC381-E838-433A-A522-32EDD47DA890}.Release|x86.Build.0 = Release|Win32
		{1DF4B4AB-98C4-431D-9325-CD48906E08C3}.Debug|x64.ActiveCfg = Debug|x64
		{1DF4B4AB-98C4-431D-9325-CD48906E08C3}.Debug|x64.Build.0 = Debug|x64
		{1DF4B4AB-98C4-431D-9325-CD48906E08C3}.Debug|x86.ActiveCfg = Debug|Win32
		{1DF4B4AB-98C4-431D-9325-CD48906E08C3}.Debug|x86.Build.0 = Debug|Win32
		{1DF4B4AB-98C4-431D-9325-CD48906E08C3}.Release|x64.ActiveCfg = Release|x64
		{1DF4B4AB-98C4-431D-9325-CD48906E08C3}.Release|x64.Build.0 = Release|x64
		{1DF4B4AB-98C4-431D-9325-CD48906E08C3}.Release|x86.ActiveCfg = Release|Win32
		{1DF4B4AB-98C4-431D-9325-CD48906E08C3}.Release|x86.Build.0 = Release|Win32
		{7C218728-29F3-442B-8CD1-BE0B4E670E30}.Debug|x64.ActiveCfg = Debug|x64
		{7C218728-29F3-442B-8CD1-BE0B4E670E30}.Debug|x64.Build.0 = Debug|x64
		{7C218728-29F3-442B-8CD1-BE0B4E670E30}.Debug|x86.ActiveCfg = Debug|Win32
		{7C218728-29F3-442B-8CD1-BE0B4E670E30}.Debug|x86.Build.0 = Debug|Win32
		{7C218728-29F3-442B-8CD1-BE0B4E670E30}.Release|x64.ActiveCfg = Release|x64
		{7C218728-29F3-442B-8CD1-BE0B4E670E30}.Release|x64.Build.0 = Release|x64
		{7C218728-29F3-442B-8CD1-BE0B4E670E30}.Release|x86.ActiveCfg = Release|Win32
		{7C218728-29F3-442B-8CD1-BE0B4E670E30}.Release|x86.Build.0 = Release|Win32
		{CD6E0ABE-2AC6-4976-B77B-63D528040C91}.Debug|x64.ActiveCfg = Debug|x64
		{CD6E0ABE-2AC6-4976-B77B-63D528040C91}.Debug|x64.Build.0 = Debug|x64
		{CD6E0ABE-2AC6-4976-B77B-63D528040C91}.Debug|x86.ActiveCfg = Debug|Win32
		{CD6E0ABE-2AC6-4976-B77B-63D528040C91}.Debug|x86.Build.0 = Debug|Win32
		{CD6E0ABE-2AC6-4976-B77B-63D528040C91}.Release|x64.ActiveCfg = Release|x64
		{CD6E0ABE-2AC6-4976-B77B-63D528040C91}.Release|x64.Build.0 = Release|x64
		{CD6E0ABE-2AC6-4976-B77B-63D528040C91}.Release|x86.ActiveCfg = Release|Win32
		{CD6E0ABE-2AC6-4976-B77B-63D528040C91}.Release|x86.Build.0 = Release|Win32
		{C6678A58-3E9D-4339-9F4B-7191422CBFFE}.Debug|x64.ActiveCfg = Debug|x64
		{C6678A58-3E9D-4339-9F4B-7191422CBFFE}.Debug|x64.Build.0 = Debug|x64
		{C6678A58-3E9D-4339-9F4B-7191422CBFFE}.Debug|x86.ActiveCfg = Debug|Win32
		{C6678A58-3E9D-4339-9F4B-7191422CBFFE}.Debug|x86.Build.0 = Debug|Win32
		{C6678A58-3E9D-4339-9F4B-7191422CBFFE}.Release|x64.ActiveCfg = Release|x64
		{C6678A58-3E9D-4339-9F4B-7191422CBFFE}.Release|x64.Build.0 = Release|x64
		{C6678A58-3E9D-4339-9F4B-7191422CBFFE}.Release|x86.ActiveCfg = Release|Win32
		{C6678A58-3E9D-4339-9F4B-7191422CBFFE}.Release|x86.Build.0 = Release|Win32
		{8A2A3E19-BB43-4C01-A262-D90FC4BFDF41}.Debug|x64.ActiveCfg = Debug|x64
		{8A2A3E19-BB43-4C01-A262-D90FC4BFDF41}.Debug|x64.Build.0 = Debug|x64
		{8A2A3E19-BB43-4C01-A262-D90FC4BFDF41}.Debug|x86.ActiveCfg = Debug|Win32
		{8A2A3E19-BB43-4C01-A262-D90FC4BFDF41}.Debug|x86.Build.0 = Debug|Win32
		{8A2A3E19-BB43-4C01-A262-D90FC4BFDF41}.Release|x64.ActiveCfg = Release|x64
		{8A2A3E19-BB43-4C01-A262-D90FC4BFDF41}.Release|x64.Build.0 = Release|x64
		{8A2A3E19-BB43-4C01-A262-D90FC4BFDF41}.Release|x86.ActiveCfg = Release|Win32
		{8A2A3E19-BB43-4C01-A262-D90FC4BFDF41}.Release|x86.Build.0 = Release|Win32
		{87D3DF0E-B0A4-4320-B8DA-5631B8DDCEFF}.Debug|x64.ActiveCfg = Debug|x64
		{87D3DF0E-B0A4-4320-B8DA-5631B8DDCEFF}.Debug|x64.Build.0 = Debug|x64
		{87D3DF0E-B0A4-4320-B8DA-5631B8DDCEFF}.Debug|x86.ActiveCfg = Debug|Win32
		{87D3DF0E-B0A4-4320-B8DA-5631B8DDCEFF}.Debug|x86.Build.0 = Debug|Win32
		{87D3DF0E-B0A4-4320-B8DA-5631B8DDCEFF}.Release|x64.ActiveCfg = Release|x64
		{87D3DF0E-B0A4-4320-B8DA-5631B8DDCEFF}.Release|x64.Build.0 = Release|x64
		{87D3DF0E-B0A4-4320-B8DA-5631B8DDCEFF}.Release|x86.ActiveCfg = Release|Win32
		{87D3DF0E-B0A4-4320-B8DA-5631B8DDCEFF}.Release|x86.Build.0 = Release|Win32
		{543E1BCD-46BF-4605-A469-FCBB6172F3CC}.Debug|x64.ActiveCfg = Debug|x64
		{543E1BCD-46BF-4605-A469-FCBB6172F3CC}.Debug|x64.Build.0 = Debug|x64
		{543E1BCD-46BF-4605-A469-FCBB6172F3CC}.Debug|x86.ActiveCfg = Debug|Win32
		{543E1BCD-46BF-4605-A469-FCBB6172F3CC}.Debug|x86.Build.0 = Debug|Win32
		{543E1BCD-46BF-4605-A469-FCBB6172F3CC}.Release|x64.ActiveCfg = Release|x64
		{543E1BCD-46BF-4605-A469-FCBB6172F3CC}.Release|x64.Build.0 = Release|x64
		{543E1BCD-46BF-4605-A469-FCBB6172F3CC}.Release|x86.ActiveCfg = Release|Win32
		{543E1BCD-46BF-4605-A469-FCBB6172F3CC}.Release|x86.Build.0 = Release|Win32
		{EF7A6A2F-508D-4890-A761-DD11A52F20AF}.Debug|x64.ActiveCfg = Debug|x64
		{EF7A6A2F-508D-4890-A761-DD11A52F20AF}.Debug|x64.Build.0 = Debug|x64
		{EF7A6A2F-508D-4890-A761-DD11A52F20AF}.Debug|x86.ActiveCfg = Debug|Win32
		{EF7A6A2F-508D-4890-A761-DD11A52F20AF}.Debug|x86.Build.0 = Debug|Win32
		{EF7A6A2F-508D-4890-A761-DD11A52F20AF}.Release|x64.ActiveCfg = Release|x64
		{EF7A6A2F-508D-4890-A761-DD11A52F20AF}.Release|x64.Build.0 = Release|x64
		{EF7A6A2F-508D-4890-A761-DD11A52F20AF}.Release|x86.ActiveCfg = Release|Win32
		{EF7A6A2F-508D-4890-A761-DD11A52F20AF}.Release|x86.Build.0 = Release|Win32
		{6CFB69CC-46A1-4022-BAFD-C79A7850095E}.Debug|x64.ActiveCfg = Debug|x64
		{6CFB69CC-46A1-4022-BAFD-C79A7850095E}.Debug|x64.Build.0 = Debug|x64
		{6CFB69CC-46A1-4022-BAFD-C79A7850095E}.Debug|x86.ActiveCfg = Debug|Win32
		{6CFB69CC-46A1-4022-BAFD-C79A7850095E}.Debug|x86.Build.0 = Debug|Win32
		{6CFB69CC-46A1-4022-BAFD-C79A7850095E}.Release|x64.ActiveCfg = Release|x64
		{6CFB69CC-46A1-4022-BAFD-C79A7850095E}.Release|x64.Build.0 = Release|x64
		{6CFB69CC-46A1-4022-BAFD-C79A7850095E}.Release|x86.ActiveCfg = Release|Win32
		{6CFB69CC-46A1-4022-BAFD-C79A7850095E}.Release|x86.Build.0 = Release|Win32
		{8E5767BB-ACAD-4108-BA40-8836D588BEAC}.Debug|x64.ActiveCfg = Debug|x64
		{8E5767BB-ACAD-4108-BA40-8836D588BEAC}.Debug|x64.Build.0 = Debug|x64
		{8E5767BB-ACAD-4108-BA40-8836D588BEAC}.Debug|x86.ActiveCfg = Debug|Win32
		{8E5767BB-ACAD-4108-BA40-8836D588BEAC}.Debug|x86.Build.0 = Debug|Win32
		{8E5767BB-ACAD-4108-BA40-8836D588BEAC}.Release|x64.ActiveCfg = Release|x64
		{8E5767BB-ACAD-4108-BA40-8836D588BEAC}.Release|x64.Build.0 = Release|x64
		{8E5767BB-ACAD-4108-BA40-8836D588BEAC}.Release|x86.ActiveCfg = Release|Win32
		{8E5767BB-ACAD-4108-BA40-8836D588BEAC}.Release|x86.Build.0 = Release|Win32
		{BA406875-60D9-4638-8860-E0065A5B6432}.Debug|x64.ActiveCfg = Debug|x64
		{BA406875-60D9-4638-8860-E0065A5B6432}.Debug|x64.Build.0 = Debug|x64
		{BA406875-60D9-4638-8860-E0065A5B6432}.Debug|x86.ActiveCfg = Debug|Win32
		{BA406875-60D9-4638-8860-E0065A5B6432}.Debug|x86.Build.0 = Debug|Win32
		{BA406875-60D9-4638-8860-E0065A5B6432}.Release|x64.ActiveCfg = Release|x64
		{BA406875-60D9-4638-8860-E0065A5B6432}.Release|x64.Build.0 = Release|x64
		{BA406875-60D9-4638-8860-E0065A5B6432}.Release|x86.ActiveCfg = Release|Win32
		{BA406875-60D9-4638-8860-E0065A5B6432}.Release|x86.Build.0 = Release|Win32
		{D29DDE8C-170A-4159-97FB-9CC322A40665}.Debug|x64.ActiveCfg = Debug|x64
		{D29DDE8C-170A-4159-97FB-9CC322A40665}.Debug|x64.Build.0 = Debug|x64
		{D29DDE8C-170A-4159-97FB-9CC322A40665}.Debug|x86.ActiveCfg = Debug|Win32
		{D29DDE8C-170A-4159-97FB-9CC322A40665}.Debug|x86.Build.0 = Debug|Win32
		{D29DDE8C-170A-4159-97FB-9CC322A40665}.Release|x64.ActiveCfg = Release|x64
		{D29DDE8C-170A-4159-97FB-9CC322A40665}.Release|x64.Build.0 = Release|x64
		{D29DDE8C-170A-4159-97FB-9CC322A40665}.Release|x86.ActiveCfg = Release|Win32
		{D29DDE8C-170A-4159-97FB-9CC322A40665}.Release|x86.Build.0 = Release|Win32
		{49EBF5DF-6CF4-4318-90E2-E60A1DAE6CF1}.Debug|x64.ActiveCfg = Debug|x64
		{49EBF5DF-6CF4-4318-90E2-E60A1DAE6CF1}.Debug|x64.Build.0 = Debug|x64
		{49EBF5DF-6CF4-4318-90E2-E60A1DAE6CF1}.Debug|x86.ActiveCfg = Debug|Win32
		{49EBF5DF-6CF4-4318-90E2-E60A1DAE6CF1}.Debug|x86.Build.0 = Debug|Win32
		{49EBF5DF-6CF4-4318-90E2-E60A1DAE6CF1}.Release|x64.ActiveCfg = Release|x64
		{49EBF5DF-6CF4-4318-90E2-E60A1DAE6CF1}.Release|x64.Build.0 = Release|x64
		{49EBF5DF-6CF4-4318-90E2-E60A1DAE6CF1}.Release|x86.ActiveCfg = Release|Win32
		{49EBF5DF-6CF4-4318-90E2-E60A1DAE6CF1}.Release|x86.Build.0 = Release|Win32
		{EAB618AC-C20F-4328-AD66-EB223C87ED41}.Debug|x64.ActiveCfg = Debug|x64
		{EAB618AC-C20F-4328-AD66-EB223C87ED41}.Debug|x64.Build.0 = Debug|x64
		{EAB618AC-C20F-4328-AD66-EB223C87ED41}.Debug|x86.ActiveCfg = Debug|Win32
		{EAB618AC-C20F-4328-AD66-EB223C87ED41}.Debug|x86.Build.0 = Debug|Win32
		{EAB618AC-C20F-4328-AD66-EB223C87ED41}.Release|x64.ActiveCfg = Release|x64
		{EAB618AC-C20F-4328-AD66-EB223C87ED41}.Release|x64.Build.0 = Release|x64
		{EAB618AC-C20F-4328-AD66-EB223C87ED41}.Release|x86.ActiveCfg = Release|Win32
		{EAB618AC-C20F-4328-AD66-EB223C87ED41}.Release|x86.Build.0 = Release|Win32
		{BED30C73-6DCB-4F31-9800-DFE2B1F4E2AB}.Debug|x64.ActiveCfg = Debug|x64
		{BED30C73-6DCB-4F31-9800-DFE2B1F4E2AB}.Debug|x64.Build.0 = Debug|x64
		{BED30C73-6DCB-4F31-9800-DFE2B1F4E2AB}.Debug|x86.ActiveCfg = Debug|Win32
		{BED30C73-6DCB-4F31-9800-DFE2B1F4E2AB}.Debug|x86.Build.0 = Debug|Win32
		{BED30C73-6DCB-4F31-9800-DFE2B1F4E2AB}.Release|x64.ActiveCfg = Release|x64
		{BED30C73-6DCB-4F31-9800-DFE2B1F4E2AB}.Release|x64.Build.0 = Release|x64
		{BED30C73-6DCB-4F31-9800-DFE2B1F4E2AB}.Release|x86.ActiveCfg = Release|Win32
		{BED30C73-6DCB-4F31-9800-DFE2B1F4E2AB}.Release|x86.Build.0 = Release|Win32
		{53F4EB65-CFBE-42A1-88C3-FACB2B586C08}.Debug|x64.ActiveCfg = Debug|x64
		{53F4EB65-CFBE-42A1-88C3-FACB2B586C08}.Debug|x64.Build.0 = Debug|x64
		{53F4EB65-CFBE-42A1-88C3-FACB2B586C08}.Debug|x86.ActiveCfg = Debug|Win32
		{53F4EB65-CFBE-42A1-88C3-FACB2B586C08}.Debug|x86.Build.0 = Debug|Win32
		{53F4EB65-CFBE-42A1-88C3-FACB2B586C08}.Release|x64.ActiveCfg = Release|x64
		{53F4EB65-CFBE-42A1-88C3-FACB2B586C08}.Release|x64.Build.0 = Release|x64
		{53F4EB65-CFBE-42A1-88C3-FACB2B586C08}.Release|x86.ActiveCfg = Release|Win32
		{53F4EB65-CFBE-42A1-88C3-FACB2B586C08}.Release|x86.Build.0 = Release|Win32
		{25461B11-84D9-43FA-9E35-0CAFA3D509A1}.Debug|x64.ActiveCfg = Debug|x64
		{25461B11-84D9-43FA-9E35-0CAFA3D509A1}.Debug|x64.Build.0 = Debug|x64
		{25461B11-84D9-43FA-9E35-0CAFA3D509A1}.Debug|x86.ActiveCfg = Debug|Win32
		{25461B11-84D9-43FA-9E35-0CAFA3D509A1}.Debug|x86.Build.0 = Debug|Win32
		{25461B11-84D9-43FA-9E35-0CAFA3D509A1}.Release|x64.ActiveCfg = Release|x64
		{25461B11-84D9-43FA-9E35-0CAFA3D509A1}.Release|x64.Build.0 = Release|x64
		{25461B11-84D9-43FA-9E35-0CAFA3D509A1}.Release|x86.ActiveCfg = Release|Win32
		{25461B11-84D9-43FA-9E35-0CAFA3D509A1}.Release|x86.Build.0 = Release|Win32
		{1FEC7C95-EF16-4ED9-857B-EF295E99E746}.Debug|x64.ActiveCfg = Debug|x64
		{1FEC7C95-EF16-4ED9-857B-EF295E99E746}.Debug|x64.Build.0 = Debug|x64
		{1FEC7C95-EF16-4ED9-857B-EF295E99E746}.Debug|x86.ActiveCfg = Debug|Win32
		{1FEC7C95-EF16-4ED9-857B-EF295E99E746}.Debug|x86.Build.0 = Debug|Win32
		{1FEC7C95-EF16-4ED9-857B-EF295E99E746}.Release|x64.ActiveCfg = Release|x64
		{1FEC7C95-EF16-4ED9-857B-EF295E99E746}.Release|x64.Build.0 = Release|x64
		{1FEC7C95-EF16-4ED9-857B-EF295E99E746}.Release|x86.ActiveCfg = Release|Win32
		{1FEC7C95-EF16-4ED9-857B-EF295E99E746}.Release|x86.Build.0 = Release|Win32
	EndGlobalSection
	GlobalSection(SolutionProperties) = preSolution
		HideSolutionNode = FALSE
	EndGlobalSection
	GlobalSection(ExtensibilityGlobals) = postSolution
		SolutionGuid = {4C3101A8-2DC6-406F-8367-D5455F4F1184}
	EndGlobalSection
EndGlobal
